
Microsoft Visual Studio Solution File, Format Version 12.00
# Visual Studio Version 17
VisualStudioVersion = 17.6.33815.320
MinimumVisualStudioVersion = 10.0.40219.1
Project("{9A19103F-16F7-4668-BE54-9A1E7A4F7556}") = "RedBlackTree", "RedBlackTree.csproj", "{58F49ACF-A06A-4AB6-9841-BBDC37051D88}"
EndProject
Project("{FAE04EC0-301F-11D3-BF4B-00C04F79EFBC}") = "RedBlackTreeTests", "..\RedBlackTreeTests\RedBlackTreeTests.csproj", "{E7AECFB5-0C8F-46AE-9D06-CFC3FB980554}"
EndProject
Global
	GlobalSection(SolutionConfigurationPlatforms) = preSolution
		Debug|Any CPU = Debug|Any CPU
		Release|Any CPU = Release|Any CPU
	EndGlobalSection
	GlobalSection(ProjectConfigurationPlatforms) = postSolution
		{58F49ACF-A06A-4AB6-9841-BBDC37051D88}.Debug|Any CPU.ActiveCfg = Debug|Any CPU
		{58F49ACF-A06A-4AB6-9841-BBDC37051D88}.Debug|Any CPU.Build.0 = Debug|Any CPU
		{58F49ACF-A06A-4AB6-9841-BBDC37051D88}.Release|Any CPU.ActiveCfg = Release|Any CPU
		{58F49ACF-A06A-4AB6-9841-BBDC37051D88}.Release|Any CPU.Build.0 = Release|Any CPU
		{E7AECFB5-0C8F-46AE-9D06-CFC3FB980554}.Debug|Any CPU.ActiveCfg = Debug|Any CPU
		{E7AECFB5-0C8F-46AE-9D06-CFC3FB980554}.Debug|Any CPU.Build.0 = Debug|Any CPU
		{E7AECFB5-0C8F-46AE-9D06-CFC3FB980554}.Release|Any CPU.ActiveCfg = Release|Any CPU
		{E7AECFB5-0C8F-46AE-9D06-CFC3FB980554}.Release|Any CPU.Build.0 = Release|Any CPU
	EndGlobalSection
	GlobalSection(SolutionProperties) = preSolution
		HideSolutionNode = FALSE
	EndGlobalSection
	GlobalSection(ExtensibilityGlobals) = postSolution
		SolutionGuid = {CACD7AC0-9482-4F29-95F7-8DFE89B1BBD0}
	EndGlobalSection
EndGlobal
